
Microsoft Visual Studio Solution File, Format Version 12.00
# Visual Studio Version 17
VisualStudioVersion = 17.9.34728.123
MinimumVisualStudioVersion = 10.0.40219.1
Project("{FAE04EC0-301F-11D3-BF4B-00C04F79EFBC}") = "Ecommerce", "Ecommerce\Ecommerce.csproj", "{A9089DD5-2A55-4624-89D1-71A8C59139F4}"
EndProject
Project("{FAE04EC0-301F-11D3-BF4B-00C04F79EFBC}") = "Ecommerce.Tests", "Ecommerce.Tests\Ecommerce.Tests.csproj", "{BBA75FA8-FB52-4A7B-A067-2B6A50B6718C}"
EndProject
Global
	GlobalSection(SolutionConfigurationPlatforms) = preSolution
		Debug|Any CPU = Debug|Any CPU
		Release|Any CPU = Release|Any CPU
	EndGlobalSection
	GlobalSection(ProjectConfigurationPlatforms) = postSolution
		{A9089DD5-2A55-4624-89D1-71A8C59139F4}.Debug|Any CPU.ActiveCfg = Debug|Any CPU
		{A9089DD5-2A55-4624-89D1-71A8C59139F4}.Debug|Any CPU.Build.0 = Debug|Any CPU
		{A9089DD5-2A55-4624-89D1-71A8C59139F4}.Release|Any CPU.ActiveCfg = Release|Any CPU
		{A9089DD5-2A55-4624-89D1-71A8C59139F4}.Release|Any CPU.Build.0 = Release|Any CPU
		{BBA75FA8-FB52-4A7B-A067-2B6A50B6718C}.Debug|Any CPU.ActiveCfg = Debug|Any CPU
		{BBA75FA8-FB52-4A7B-A067-2B6A50B6718C}.Debug|Any CPU.Build.0 = Debug|Any CPU
		{BBA75FA8-FB52-4A7B-A067-2B6A50B6718C}.Release|Any CPU.ActiveCfg = Release|Any CPU
		{BBA75FA8-FB52-4A7B-A067-2B6A50B6718C}.Release|Any CPU.Build.0 = Release|Any CPU
	EndGlobalSection
	GlobalSection(SolutionProperties) = preSolution
		HideSolutionNode = FALSE
	EndGlobalSection
	GlobalSection(ExtensibilityGlobals) = postSolution
		SolutionGuid = {C910294A-F17C-4280-AB2B-BFFB3C88568F}
	EndGlobalSection
EndGlobal
